// !$*UTF8*$!
{
	archiveVersion = 1;
	classes = {
	};
	objectVersion = 56;
	objects = {

/* Begin PBXBuildFile section */
		500366B729D729BE0023AD90 /* SleepTrackrApp.swift in Sources */ = {isa = PBXBuildFile; fileRef = 500366B629D729BE0023AD90 /* SleepTrackrApp.swift */; };
		500366B929D729BE0023AD90 /* ContentView.swift in Sources */ = {isa = PBXBuildFile; fileRef = 500366B829D729BE0023AD90 /* ContentView.swift */; };
		500366BB29D729BF0023AD90 /* Assets.xcassets in Resources */ = {isa = PBXBuildFile; fileRef = 500366BA29D729BF0023AD90 /* Assets.xcassets */; };
		500366BE29D729BF0023AD90 /* Preview Assets.xcassets in Resources */ = {isa = PBXBuildFile; fileRef = 500366BD29D729BF0023AD90 /* Preview Assets.xcassets */; };
		500366C829D729BF0023AD90 /* SleepTrackrTests.swift in Sources */ = {isa = PBXBuildFile; fileRef = 500366C729D729BF0023AD90 /* SleepTrackrTests.swift */; };
		500366D229D729BF0023AD90 /* SleepTrackrUITests.swift in Sources */ = {isa = PBXBuildFile; fileRef = 500366D129D729BF0023AD90 /* SleepTrackrUITests.swift */; };
		500366D429D729BF0023AD90 /* SleepTrackrUITestsLaunchTests.swift in Sources */ = {isa = PBXBuildFile; fileRef = 500366D329D729BF0023AD90 /* SleepTrackrUITestsLaunchTests.swift */; };
/* End PBXBuildFile section */

/* Begin PBXContainerItemProxy section */
		500366C429D729BF0023AD90 /* PBXContainerItemProxy */ = {
			isa = PBXContainerItemProxy;
			containerPortal = 500366AB29D729BE0023AD90 /* Project object */;
			proxyType = 1;
			remoteGlobalIDString = 500366B229D729BE0023AD90;
			remoteInfo = SleepTrackr;
		};
		500366CE29D729BF0023AD90 /* PBXContainerItemProxy */ = {
			isa = PBXContainerItemProxy;
			containerPortal = 500366AB29D729BE0023AD90 /* Project object */;
			proxyType = 1;
			remoteGlobalIDString = 500366B229D729BE0023AD90;
			remoteInfo = SleepTrackr;
		};
/* End PBXContainerItemProxy section */

/* Begin PBXFileReference section */
		500366B329D729BE0023AD90 /* SleepTrackr.app */ = {isa = PBXFileReference; explicitFileType = wrapper.application; includeInIndex = 0; path = SleepTrackr.app; sourceTree = BUILT_PRODUCTS_DIR; };
		500366B629D729BE0023AD90 /* SleepTrackrApp.swift */ = {isa = PBXFileReference; lastKnownFileType = sourcecode.swift; path = SleepTrackrApp.swift; sourceTree = "<group>"; };
		500366B829D729BE0023AD90 /* ContentView.swift */ = {isa = PBXFileReference; lastKnownFileType = sourcecode.swift; path = ContentView.swift; sourceTree = "<group>"; };
		500366BA29D729BF0023AD90 /* Assets.xcassets */ = {isa = PBXFileReference; lastKnownFileType = folder.assetcatalog; path = Assets.xcassets; sourceTree = "<group>"; };
		500366BD29D729BF0023AD90 /* Preview Assets.xcassets */ = {isa = PBXFileReference; lastKnownFileType = folder.assetcatalog; path = "Preview Assets.xcassets"; sourceTree = "<group>"; };
		500366C329D729BF0023AD90 /* SleepTrackrTests.xctest */ = {isa = PBXFileReference; explicitFileType = wrapper.cfbundle; includeInIndex = 0; path = SleepTrackrTests.xctest; sourceTree = BUILT_PRODUCTS_DIR; };
		500366C729D729BF0023AD90 /* SleepTrackrTests.swift */ = {isa = PBXFileReference; lastKnownFileType = sourcecode.swift; path = SleepTrackrTests.swift; sourceTree = "<group>"; };
		500366CD29D729BF0023AD90 /* SleepTrackrUITests.xctest */ = {isa = PBXFileReference; explicitFileType = wrapper.cfbundle; includeInIndex = 0; path = SleepTrackrUITests.xctest; sourceTree = BUILT_PRODUCTS_DIR; };
		500366D129D729BF0023AD90 /* SleepTrackrUITests.swift */ = {isa = PBXFileReference; lastKnownFileType = sourcecode.swift; path = SleepTrackrUITests.swift; sourceTree = "<group>"; };
		500366D329D729BF0023AD90 /* SleepTrackrUITestsLaunchTests.swift */ = {isa = PBXFileReference; lastKnownFileType = sourcecode.swift; path = SleepTrackrUITestsLaunchTests.swift; sourceTree = "<group>"; };
/* End PBXFileReference section */

/* Begin PBXFrameworksBuildPhase section */
		500366B029D729BE0023AD90 /* Frameworks */ = {
			isa = PBXFrameworksBuildPhase;
			buildActionMask = 2147483647;
			files = (
			);
			runOnlyForDeploymentPostprocessing = 0;
		};
		500366C029D729BF0023AD90 /* Frameworks */ = {
			isa = PBXFrameworksBuildPhase;
			buildActionMask = 2147483647;
			files = (
			);
			runOnlyForDeploymentPostprocessing = 0;
		};
		500366CA29D729BF0023AD90 /* Frameworks */ = {
			isa = PBXFrameworksBuildPhase;
			buildActionMask = 2147483647;
			files = (
			);
			runOnlyForDeploymentPostprocessing = 0;
		};
/* End PBXFrameworksBuildPhase section */

/* Begin PBXGroup section */
		500366AA29D729BE0023AD90 = {
			isa = PBXGroup;
			children = (
				500366B529D729BE0023AD90 /* SleepTrackr */,
				500366C629D729BF0023AD90 /* SleepTrackrTests */,
				500366D029D729BF0023AD90 /* SleepTrackrUITests */,
				500366B429D729BE0023AD90 /* Products */,
			);
			sourceTree = "<group>";
		};
		500366B429D729BE0023AD90 /* Products */ = {
			isa = PBXGroup;
			children = (
				500366B329D729BE0023AD90 /* SleepTrackr.app */,
				500366C329D729BF0023AD90 /* SleepTrackrTests.xctest */,
				500366CD29D729BF0023AD90 /* SleepTrackrUITests.xctest */,
			);
			name = Products;
			sourceTree = "<group>";
		};
		500366B529D729BE0023AD90 /* SleepTrackr */ = {
			isa = PBXGroup;
			children = (
				500366B629D729BE0023AD90 /* SleepTrackrApp.swift */,
				500366B829D729BE0023AD90 /* ContentView.swift */,
				500366BA29D729BF0023AD90 /* Assets.xcassets */,
				500366BC29D729BF0023AD90 /* Preview Content */,
			);
			path = SleepTrackr;
			sourceTree = "<group>";
		};
		500366BC29D729BF0023AD90 /* Preview Content */ = {
			isa = PBXGroup;
			children = (
				500366BD29D729BF0023AD90 /* Preview Assets.xcassets */,
			);
			path = "Preview Content";
			sourceTree = "<group>";
		};
		500366C629D729BF0023AD90 /* SleepTrackrTests */ = {
			isa = PBXGroup;
			children = (
				500366C729D729BF0023AD90 /* SleepTrackrTests.swift */,
			);
			path = SleepTrackrTests;
			sourceTree = "<group>";
		};
		500366D029D729BF0023AD90 /* SleepTrackrUITests */ = {
			isa = PBXGroup;
			children = (
				500366D129D729BF0023AD90 /* SleepTrackrUITests.swift */,
				500366D329D729BF0023AD90 /* SleepTrackrUITestsLaunchTests.swift */,
			);
			path = SleepTrackrUITests;
			sourceTree = "<group>";
		};
/* End PBXGroup section */

/* Begin PBXNativeTarget section */
		500366B229D729BE0023AD90 /* SleepTrackr */ = {
			isa = PBXNativeTarget;
			buildConfigurationList = 500366D729D729BF0023AD90 /* Build configuration list for PBXNativeTarget "SleepTrackr" */;
			buildPhases = (
				500366AF29D729BE0023AD90 /* Sources */,
				500366B029D729BE0023AD90 /* Frameworks */,
				500366B129D729BE0023AD90 /* Resources */,
			);
			buildRules = (
			);
			dependencies = (
			);
			name = SleepTrackr;
			productName = SleepTrackr;
			productReference = 500366B329D729BE0023AD90 /* SleepTrackr.app */;
			productType = "com.apple.product-type.application";
		};
		500366C229D729BF0023AD90 /* SleepTrackrTests */ = {
			isa = PBXNativeTarget;
			buildConfigurationList = 500366DA29D729BF0023AD90 /* Build configuration list for PBXNativeTarget "SleepTrackrTests" */;
			buildPhases = (
				500366BF29D729BF0023AD90 /* Sources */,
				500366C029D729BF0023AD90 /* Frameworks */,
				500366C129D729BF0023AD90 /* Resources */,
			);
			buildRules = (
			);
			dependencies = (
				500366C529D729BF0023AD90 /* PBXTargetDependency */,
			);
			name = SleepTrackrTests;
			productName = SleepTrackrTests;
			productReference = 500366C329D729BF0023AD90 /* SleepTrackrTests.xctest */;
			productType = "com.apple.product-type.bundle.unit-test";
		};
		500366CC29D729BF0023AD90 /* SleepTrackrUITests */ = {
			isa = PBXNativeTarget;
			buildConfigurationList = 500366DD29D729BF0023AD90 /* Build configuration list for PBXNativeTarget "SleepTrackrUITests" */;
			buildPhases = (
				500366C929D729BF0023AD90 /* Sources */,
				500366CA29D729BF0023AD90 /* Frameworks */,
				500366CB29D729BF0023AD90 /* Resources */,
			);
			buildRules = (
			);
			dependencies = (
				500366CF29D729BF0023AD90 /* PBXTargetDependency */,
			);
			name = SleepTrackrUITests;
			productName = SleepTrackrUITests;
			productReference = 500366CD29D729BF0023AD90 /* SleepTrackrUITests.xctest */;
			productType = "com.apple.product-type.bundle.ui-testing";
		};
/* End PBXNativeTarget section */

/* Begin PBXProject section */
		500366AB29D729BE0023AD90 /* Project object */ = {
			isa = PBXProject;
			attributes = {
				BuildIndependentTargetsInParallel = 1;
				LastSwiftUpdateCheck = 1420;
				LastUpgradeCheck = 1420;
				TargetAttributes = {
					500366B229D729BE0023AD90 = {
						CreatedOnToolsVersion = 14.2;
					};
					500366C229D729BF0023AD90 = {
						CreatedOnToolsVersion = 14.2;
						TestTargetID = 500366B229D729BE0023AD90;
					};
					500366CC29D729BF0023AD90 = {
						CreatedOnToolsVersion = 14.2;
						TestTargetID = 500366B229D729BE0023AD90;
					};
				};
			};
			buildConfigurationList = 500366AE29D729BE0023AD90 /* Build configuration list for PBXProject "SleepTrackr" */;
			compatibilityVersion = "Xcode 14.0";
			developmentRegion = en;
			hasScannedForEncodings = 0;
			knownRegions = (
				en,
				Base,
			);
			mainGroup = 500366AA29D729BE0023AD90;
			productRefGroup = 500366B429D729BE0023AD90 /* Products */;
			projectDirPath = "";
			projectRoot = "";
			targets = (
				500366B229D729BE0023AD90 /* SleepTrackr */,
				500366C229D729BF0023AD90 /* SleepTrackrTests */,
				500366CC29D729BF0023AD90 /* SleepTrackrUITests */,
			);
		};
/* End PBXProject section */

/* Begin PBXResourcesBuildPhase section */
		500366B129D729BE0023AD90 /* Resources */ = {
			isa = PBXResourcesBuildPhase;
			buildActionMask = 2147483647;
			files = (
				500366BE29D729BF0023AD90 /* Preview Assets.xcassets in Resources */,
				500366BB29D729BF0023AD90 /* Assets.xcassets in Resources */,
			);
			runOnlyForDeploymentPostprocessing = 0;
		};
		500366C129D729BF0023AD90 /* Resources */ = {
			isa = PBXResourcesBuildPhase;
			buildActionMask = 2147483647;
			files = (
			);
			runOnlyForDeploymentPostprocessing = 0;
		};
		500366CB29D729BF0023AD90 /* Resources */ = {
			isa = PBXResourcesBuildPhase;
			buildActionMask = 2147483647;
			files = (
			);
			runOnlyForDeploymentPostprocessing = 0;
		};
/* End PBXResourcesBuildPhase section */

/* Begin PBXSourcesBuildPhase section */
		500366AF29D729BE0023AD90 /* Sources */ = {
			isa = PBXSourcesBuildPhase;
			buildActionMask = 2147483647;
			files = (
				500366B929D729BE0023AD90 /* ContentView.swift in Sources */,
				500366B729D729BE0023AD90 /* SleepTrackrApp.swift in Sources */,
			);
			runOnlyForDeploymentPostprocessing = 0;
		};
		500366BF29D729BF0023AD90 /* Sources */ = {
			isa = PBXSourcesBuildPhase;
			buildActionMask = 2147483647;
			files = (
				500366C829D729BF0023AD90 /* SleepTrackrTests.swift in Sources */,
			);
			runOnlyForDeploymentPostprocessing = 0;
		};
		500366C929D729BF0023AD90 /* Sources */ = {
			isa = PBXSourcesBuildPhase;
			buildActionMask = 2147483647;
			files = (
				500366D229D729BF0023AD90 /* SleepTrackrUITests.swift in Sources */,
				500366D429D729BF0023AD90 /* SleepTrackrUITestsLaunchTests.swift in Sources */,
			);
			runOnlyForDeploymentPostprocessing = 0;
		};
/* End PBXSourcesBuildPhase section */

/* Begin PBXTargetDependency section */
		500366C529D729BF0023AD90 /* PBXTargetDependency */ = {
			isa = PBXTargetDependency;
			target = 500366B229D729BE0023AD90 /* SleepTrackr */;
			targetProxy = 500366C429D729BF0023AD90 /* PBXContainerItemProxy */;
		};
		500366CF29D729BF0023AD90 /* PBXTargetDependency */ = {
			isa = PBXTargetDependency;
			target = 500366B229D729BE0023AD90 /* SleepTrackr */;
			targetProxy = 500366CE29D729BF0023AD90 /* PBXContainerItemProxy */;
		};
/* End PBXTargetDependency section */

/* Begin XCBuildConfiguration section */
		500366D529D729BF0023AD90 /* Debug */ = {
			isa = XCBuildConfiguration;
			buildSettings = {
				ALWAYS_SEARCH_USER_PATHS = NO;
				CLANG_ANALYZER_NONNULL = YES;
				CLANG_ANALYZER_NUMBER_OBJECT_CONVERSION = YES_AGGRESSIVE;
				CLANG_CXX_LANGUAGE_STANDARD = "gnu++20";
				CLANG_ENABLE_MODULES = YES;
				CLANG_ENABLE_OBJC_ARC = YES;
				CLANG_ENABLE_OBJC_WEAK = YES;
				CLANG_WARN_BLOCK_CAPTURE_AUTORELEASING = YES;
				CLANG_WARN_BOOL_CONVERSION = YES;
				CLANG_WARN_COMMA = YES;
				CLANG_WARN_CONSTANT_CONVERSION = YES;
				CLANG_WARN_DEPRECATED_OBJC_IMPLEMENTATIONS = YES;
				CLANG_WARN_DIRECT_OBJC_ISA_USAGE = YES_ERROR;
				CLANG_WARN_DOCUMENTATION_COMMENTS = YES;
				CLANG_WARN_EMPTY_BODY = YES;
				CLANG_WARN_ENUM_CONVERSION = YES;
				CLANG_WARN_INFINITE_RECURSION = YES;
				CLANG_WARN_INT_CONVERSION = YES;
				CLANG_WARN_NON_LITERAL_NULL_CONVERSION = YES;
				CLANG_WARN_OBJC_IMPLICIT_RETAIN_SELF = YES;
				CLANG_WARN_OBJC_LITERAL_CONVERSION = YES;
				CLANG_WARN_OBJC_ROOT_CLASS = YES_ERROR;
				CLANG_WARN_QUOTED_INCLUDE_IN_FRAMEWORK_HEADER = YES;
				CLANG_WARN_RANGE_LOOP_ANALYSIS = YES;
				CLANG_WARN_STRICT_PROTOTYPES = YES;
				CLANG_WARN_SUSPICIOUS_MOVE = YES;
				CLANG_WARN_UNGUARDED_AVAILABILITY = YES_AGGRESSIVE;
				CLANG_WARN_UNREACHABLE_CODE = YES;
				CLANG_WARN__DUPLICATE_METHOD_MATCH = YES;
				COPY_PHASE_STRIP = NO;
				DEBUG_INFORMATION_FORMAT = dwarf;
				ENABLE_STRICT_OBJC_MSGSEND = YES;
				ENABLE_TESTABILITY = YES;
				GCC_C_LANGUAGE_STANDARD = gnu11;
				GCC_DYNAMIC_NO_PIC = NO;
				GCC_NO_COMMON_BLOCKS = YES;
				GCC_OPTIMIZATION_LEVEL = 0;
				GCC_PREPROCESSOR_DEFINITIONS = (
					"DEBUG=1",
					"$(inherited)",
				);
				GCC_WARN_64_TO_32_BIT_CONVERSION = YES;
				GCC_WARN_ABOUT_RETURN_TYPE = YES_ERROR;
				GCC_WARN_UNDECLARED_SELECTOR = YES;
				GCC_WARN_UNINITIALIZED_AUTOS = YES_AGGRESSIVE;
				GCC_WARN_UNUSED_FUNCTION = YES;
				GCC_WARN_UNUSED_VARIABLE = YES;
				IPHONEOS_DEPLOYMENT_TARGET = 16.2;
				MTL_ENABLE_DEBUG_INFO = INCLUDE_SOURCE;
				MTL_FAST_MATH = YES;
				ONLY_ACTIVE_ARCH = YES;
				SDKROOT = iphoneos;
				SWIFT_ACTIVE_COMPILATION_CONDITIONS = DEBUG;
				SWIFT_OPTIMIZATION_LEVEL = "-Onone";
			};
			name = Debug;
		};
		500366D629D729BF0023AD90 /* Release */ = {
			isa = XCBuildConfiguration;
			buildSettings = {
				ALWAYS_SEARCH_USER_PATHS = NO;
				CLANG_ANALYZER_NONNULL = YES;
				CLANG_ANALYZER_NUMBER_OBJECT_CONVERSION = YES_AGGRESSIVE;
				CLANG_CXX_LANGUAGE_STANDARD = "gnu++20";
				CLANG_ENABLE_MODULES = YES;
				CLANG_ENABLE_OBJC_ARC = YES;
				CLANG_ENABLE_OBJC_WEAK = YES;
				CLANG_WARN_BLOCK_CAPTURE_AUTORELEASING = YES;
				CLANG_WARN_BOOL_CONVERSION = YES;
				CLANG_WARN_COMMA = YES;
				CLANG_WARN_CONSTANT_CONVERSION = YES;
				CLANG_WARN_DEPRECATED_OBJC_IMPLEMENTATIONS = YES;
				CLANG_WARN_DIRECT_OBJC_ISA_USAGE = YES_ERROR;
				CLANG_WARN_DOCUMENTATION_COMMENTS = YES;
				CLANG_WARN_EMPTY_BODY = YES;
				CLANG_WARN_ENUM_CONVERSION = YES;
				CLANG_WARN_INFINITE_RECURSION = YES;
				CLANG_WARN_INT_CONVERSION = YES;
				CLANG_WARN_NON_LITERAL_NULL_CONVERSION = YES;
				CLANG_WARN_OBJC_IMPLICIT_RETAIN_SELF = YES;
				CLANG_WARN_OBJC_LITERAL_CONVERSION = YES;
				CLANG_WARN_OBJC_ROOT_CLASS = YES_ERROR;
				CLANG_WARN_QUOTED_INCLUDE_IN_FRAMEWORK_HEADER = YES;
				CLANG_WARN_RANGE_LOOP_ANALYSIS = YES;
				CLANG_WARN_STRICT_PROTOTYPES = YES;
				CLANG_WARN_SUSPICIOUS_MOVE = YES;
				CLANG_WARN_UNGUARDED_AVAILABILITY = YES_AGGRESSIVE;
				CLANG_WARN_UNREACHABLE_CODE = YES;
				CLANG_WARN__DUPLICATE_METHOD_MATCH = YES;
				COPY_PHASE_STRIP = NO;
				DEBUG_INFORMATION_FORMAT = "dwarf-with-dsym";
				ENABLE_NS_ASSERTIONS = NO;
				ENABLE_STRICT_OBJC_MSGSEND = YES;
				GCC_C_LANGUAGE_STANDARD = gnu11;
				GCC_NO_COMMON_BLOCKS = YES;
				GCC_WARN_64_TO_32_BIT_CONVERSION = YES;
				GCC_WARN_ABOUT_RETURN_TYPE = YES_ERROR;
				GCC_WARN_UNDECLARED_SELECTOR = YES;
				GCC_WARN_UNINITIALIZED_AUTOS = YES_AGGRESSIVE;
				GCC_WARN_UNUSED_FUNCTION = YES;
				GCC_WARN_UNUSED_VARIABLE = YES;
				IPHONEOS_DEPLOYMENT_TARGET = 16.2;
				MTL_ENABLE_DEBUG_INFO = NO;
				MTL_FAST_MATH = YES;
				SDKROOT = iphoneos;
				SWIFT_COMPILATION_MODE = wholemodule;
				SWIFT_OPTIMIZATION_LEVEL = "-O";
				VALIDATE_PRODUCT = YES;
			};
			name = Release;
		};
		500366D829D729BF0023AD90 /* Debug */ = {
			isa = XCBuildConfiguration;
			buildSettings = {
				ASSETCATALOG_COMPILER_APPICON_NAME = AppIcon;
				ASSETCATALOG_COMPILER_GLOBAL_ACCENT_COLOR_NAME = AccentColor;
				CODE_SIGN_STYLE = Automatic;
				CURRENT_PROJECT_VERSION = 1;
				DEVELOPMENT_ASSET_PATHS = "\"SleepTrackr/Preview Content\"";
				ENABLE_PREVIEWS = YES;
				GENERATE_INFOPLIST_FILE = YES;
				INFOPLIST_KEY_UIApplicationSceneManifest_Generation = YES;
				INFOPLIST_KEY_UIApplicationSupportsIndirectInputEvents = YES;
				INFOPLIST_KEY_UILaunchScreen_Generation = YES;
				INFOPLIST_KEY_UISupportedInterfaceOrientations_iPad = "UIInterfaceOrientationPortrait UIInterfaceOrientationPortraitUpsideDown UIInterfaceOrientationLandscapeLeft UIInterfaceOrientationLandscapeRight";
				INFOPLIST_KEY_UISupportedInterfaceOrientations_iPhone = "UIInterfaceOrientationPortrait UIInterfaceOrientationLandscapeLeft UIInterfaceOrientationLandscapeRight";
				LD_RUNPATH_SEARCH_PATHS = (
					"$(inherited)",
					"@executable_path/Frameworks",
				);
				MARKETING_VERSION = 1.0;
				PRODUCT_BUNDLE_IDENTIFIER = liu.SleepTrackr;
				PRODUCT_NAME = "$(TARGET_NAME)";
				SWIFT_EMIT_LOC_STRINGS = YES;
				SWIFT_VERSION = 5.0;
				TARGETED_DEVICE_FAMILY = "1,2";
			};
			name = Debug;
		};
		500366D929D729BF0023AD90 /* Release */ = {
			isa = XCBuildConfiguration;
			buildSettings = {
				ASSETCATALOG_COMPILER_APPICON_NAME = AppIcon;
				ASSETCATALOG_COMPILER_GLOBAL_ACCENT_COLOR_NAME = AccentColor;
				CODE_SIGN_STYLE = Automatic;
				CURRENT_PROJECT_VERSION = 1;
				DEVELOPMENT_ASSET_PATHS = "\"SleepTrackr/Preview Content\"";
				ENABLE_PREVIEWS = YES;
				GENERATE_INFOPLIST_FILE = YES;
				INFOPLIST_KEY_UIApplicationSceneManifest_Generation = YES;
				INFOPLIST_KEY_UIApplicationSupportsIndirectInputEvents = YES;
				INFOPLIST_KEY_UILaunchScreen_Generation = YES;
				INFOPLIST_KEY_UISupportedInterfaceOrientations_iPad = "UIInterfaceOrientationPortrait UIInterfaceOrientationPortraitUpsideDown UIInterfaceOrientationLandscapeLeft UIInterfaceOrientationLandscapeRight";
				INFOPLIST_KEY_UISupportedInterfaceOrientations_iPhone = "UIInterfaceOrientationPortrait UIInterfaceOrientationLandscapeLeft UIInterfaceOrientationLandscapeRight";
				LD_RUNPATH_SEARCH_PATHS = (
					"$(inherited)",
					"@executable_path/Frameworks",
				);
				MARKETING_VERSION = 1.0;
				PRODUCT_BUNDLE_IDENTIFIER = liu.SleepTrackr;
				PRODUCT_NAME = "$(TARGET_NAME)";
				SWIFT_EMIT_LOC_STRINGS = YES;
				SWIFT_VERSION = 5.0;
				TARGETED_DEVICE_FAMILY = "1,2";
			};
			name = Release;
		};
		500366DB29D729BF0023AD90 /* Debug */ = {
			isa = XCBuildConfiguration;
			buildSettings = {
				ALWAYS_EMBED_SWIFT_STANDARD_LIBRARIES = YES;
				BUNDLE_LOADER = "$(TEST_HOST)";
				CODE_SIGN_STYLE = Automatic;
				CURRENT_PROJECT_VERSION = 1;
				GENERATE_INFOPLIST_FILE = YES;
				IPHONEOS_DEPLOYMENT_TARGET = 16.2;
				MARKETING_VERSION = 1.0;
				PRODUCT_BUNDLE_IDENTIFIER = liu.SleepTrackrTests;
				PRODUCT_NAME = "$(TARGET_NAME)";
				SWIFT_EMIT_LOC_STRINGS = NO;
				SWIFT_VERSION = 5.0;
				TARGETED_DEVICE_FAMILY = "1,2";
				TEST_HOST = "$(BUILT_PRODUCTS_DIR)/SleepTrackr.app/$(BUNDLE_EXECUTABLE_FOLDER_PATH)/SleepTrackr";
			};
			name = Debug;
		};
		500366DC29D729BF0023AD90 /* Release */ = {
			isa = XCBuildConfiguration;
			buildSettings = {
				ALWAYS_EMBED_SWIFT_STANDARD_LIBRARIES = YES;
				BUNDLE_LOADER = "$(TEST_HOST)";
				CODE_SIGN_STYLE = Automatic;
				CURRENT_PROJECT_VERSION = 1;
				GENERATE_INFOPLIST_FILE = YES;
				IPHONEOS_DEPLOYMENT_TARGET = 16.2;
				MARKETING_VERSION = 1.0;
				PRODUCT_BUNDLE_IDENTIFIER = liu.SleepTrackrTests;
				PRODUCT_NAME = "$(TARGET_NAME)";
				SWIFT_EMIT_LOC_STRINGS = NO;
				SWIFT_VERSION = 5.0;
				TARGETED_DEVICE_FAMILY = "1,2";
				TEST_HOST = "$(BUILT_PRODUCTS_DIR)/SleepTrackr.app/$(BUNDLE_EXECUTABLE_FOLDER_PATH)/SleepTrackr";
			};
			name = Release;
		};
		500366DE29D729BF0023AD90 /* Debug */ = {
			isa = XCBuildConfiguration;
			buildSettings = {
				ALWAYS_EMBED_SWIFT_STANDARD_LIBRARIES = YES;
				CODE_SIGN_STYLE = Automatic;
				CURRENT_PROJECT_VERSION = 1;
				GENERATE_INFOPLIST_FILE = YES;
				MARKETING_VERSION = 1.0;
				PRODUCT_BUNDLE_IDENTIFIER = liu.SleepTrackrUITests;
				PRODUCT_NAME = "$(TARGET_NAME)";
				SWIFT_EMIT_LOC_STRINGS = NO;
				SWIFT_VERSION = 5.0;
				TARGETED_DEVICE_FAMILY = "1,2";
				TEST_TARGET_NAME = SleepTrackr;
			};
			name = Debug;
		};
		500366DF29D729BF0023AD90 /* Release */ = {
			isa = XCBuildConfiguration;
			buildSettings = {
				ALWAYS_EMBED_SWIFT_STANDARD_LIBRARIES = YES;
				CODE_SIGN_STYLE = Automatic;
				CURRENT_PROJECT_VERSION = 1;
				GENERATE_INFOPLIST_FILE = YES;
				MARKETING_VERSION = 1.0;
				PRODUCT_BUNDLE_IDENTIFIER = liu.SleepTrackrUITests;
				PRODUCT_NAME = "$(TARGET_NAME)";
				SWIFT_EMIT_LOC_STRINGS = NO;
				SWIFT_VERSION = 5.0;
				TARGETED_DEVICE_FAMILY = "1,2";
				TEST_TARGET_NAME = SleepTrackr;
			};
			name = Release;
		};
/* End XCBuildConfiguration section */

/* Begin XCConfigurationList section */
		500366AE29D729BE0023AD90 /* Build configuration list for PBXProject "SleepTrackr" */ = {
			isa = XCConfigurationList;
			buildConfigurations = (
				500366D529D729BF0023AD90 /* Debug */,
				500366D629D729BF0023AD90 /* Release */,
			);
			defaultConfigurationIsVisible = 0;
			defaultConfigurationName = Release;
		};
		500366D729D729BF0023AD90 /* Build configuration list for PBXNativeTarget "SleepTrackr" */ = {
			isa = XCConfigurationList;
			buildConfigurations = (
				500366D829D729BF0023AD90 /* Debug */,
				500366D929D729BF0023AD90 /* Release */,
			);
			defaultConfigurationIsVisible = 0;
			defaultConfigurationName = Release;
		};
		500366DA29D729BF0023AD90 /* Build configuration list for PBXNativeTarget "SleepTrackrTests" */ = {
			isa = XCConfigurationList;
			buildConfigurations = (
				500366DB29D729BF0023AD90 /* Debug */,
				500366DC29D729BF0023AD90 /* Release */,
			);
			defaultConfigurationIsVisible = 0;
			defaultConfigurationName = Release;
		};
		500366DD29D729BF0023AD90 /* Build configuration list for PBXNativeTarget "SleepTrackrUITests" */ = {
			isa = XCConfigurationList;
			buildConfigurations = (
				500366DE29D729BF0023AD90 /* Debug */,
				500366DF29D729BF0023AD90 /* Release */,
			);
			defaultConfigurationIsVisible = 0;
			defaultConfigurationName = Release;
		};
/* End XCConfigurationList section */
	};
	rootObject = 500366AB29D729BE0023AD90 /* Project object */;
}
